
Microsoft Visual Studio Solution File, Format Version 12.00
Project("{FAE04EC0-301F-11D3-BF4B-00C04F79EFBC}") = "Generics", "Generics\Generics.csproj", "{8BCD1560-C862-49E9-8582-F66F6D97823A}"
EndProject
Global
	GlobalSection(SolutionConfigurationPlatforms) = preSolution
		Debug|Any CPU = Debug|Any CPU
		Release|Any CPU = Release|Any CPU
	EndGlobalSection
	GlobalSection(ProjectConfigurationPlatforms) = postSolution
		{8BCD1560-C862-49E9-8582-F66F6D97823A}.Debug|Any CPU.ActiveCfg = Debug|Any CPU
		{8BCD1560-C862-49E9-8582-F66F6D97823A}.Debug|Any CPU.Build.0 = Debug|Any CPU
		{8BCD1560-C862-49E9-8582-F66F6D97823A}.Release|Any CPU.ActiveCfg = Release|Any CPU
		{8BCD1560-C862-49E9-8582-F66F6D97823A}.Release|Any CPU.Build.0 = Release|Any CPU
	EndGlobalSection
EndGlobal
